hash: 50c91618503f036ba97716b10f261170f9821a3dcb596cb8fefe90f51d157c73
updated: 2017-10-02T22:48:55.240063187+09:00
imports:
- name: github.com/urfave/cli
  version: cfb38830724cc34fedffe9a2a29fb54fa9169cd1
- name: golang.org/x/net
  version: 0a9397675ba34b2845f758fe3cd68828369c6517
  subpackages:
  - context
- name: golang.org/x/sync
  version: 8e0aa688b654ef28caa72506fa5ec8dba9fc7690
  subpackages:
  - errgroup
testImports: []
